
Microsoft Visual Studio Solution File, Format Version 12.00
# Visual Studio Version 16
VisualStudioVersion = 16.0.29806.167
MinimumVisualStudioVersion = 10.0.40219.1
Project("{FAE04EC0-301F-11D3-BF4B-00C04F79EFBC}") = "BasicHourlyIncomeCalculator", "WindowsFormsApp1\BasicHourlyIncomeCalculator.csproj", "{CCB11DFD-4F35-454E-B8B5-95DADB0B9C13}"
EndProject
Global
	GlobalSection(SolutionConfigurationPlatforms) = preSolution
		Debug|Any CPU = Debug|Any CPU
		Release|Any CPU = Release|Any CPU
	EndGlobalSection
	GlobalSection(ProjectConfigurationPlatforms) = postSolution
		{CCB11DFD-4F35-454E-B8B5-95DADB0B9C13}.Debug|Any CPU.ActiveCfg = Debug|Any CPU
		{CCB11DFD-4F35-454E-B8B5-95DADB0B9C13}.Debug|Any CPU.Build.0 = Debug|Any CPU
		{CCB11DFD-4F35-454E-B8B5-95DADB0B9C13}.Release|Any CPU.ActiveCfg = Release|Any CPU
		{CCB11DFD-4F35-454E-B8B5-95DADB0B9C13}.Release|Any CPU.Build.0 = Release|Any CPU
	EndGlobalSection
	GlobalSection(SolutionProperties) = preSolution
		HideSolutionNode = FALSE
	EndGlobalSection
	GlobalSection(ExtensibilityGlobals) = postSolution
		SolutionGuid = {AE7EC2F4-51F7-4394-82F1-3C779C3ECD8A}
	EndGlobalSection
EndGlobal
